{
  "name": "@thinktool/search",
  "version": "0.1.0",
  "lockfileVersion": 2,
  "requires": true,
  "packages": {
    "": {
      "name": "@thinktool/search",
      "version": "0.1.0",
      "license": "UNLICENSED",
      "dependencies": {
        "fuse.js": "^6.4.6"
      },
      "devDependencies": {
        "typescript": "^4.2.4"
      }
    },
    "node_modules/fuse.js": {
      "version": "6.4.6",
      "resolved": "https://registry.npmjs.org/fuse.js/-/fuse.js-6.4.6.tgz",
      "integrity": "sha512-/gYxR/0VpXmWSfZOIPS3rWwU8SHgsRTwWuXhyb2O6s7aRuVtHtxCkR33bNYu3wyLyNx/Wpv0vU7FZy8Vj53VNw==",
      "engines": {
        "node": ">=10"
      }
    },
    "node_modules/typescript": {
      "version": "4.2.4",
      "resolved": "https://registry.npmjs.org/typescript/-/typescript-4.2.4.tgz",
      "integrity": "sha512-V+evlYHZnQkaz8TRBuxTA92yZBPotr5H+WhQ7bD3hZUndx5tGOa1fuCgeSjxAzM1RiN5IzvadIXTVefuuwZCRg==",
      "dev": true,
      "bin": {
        "tsc": "bin/tsc",
        "tsserver": "bin/tsserver"
      },
      "engines": {
        "node": ">=4.2.0"
      }
    }
  },
  "dependencies": {
    "fuse.js": {
      "version": "6.4.6",
      "resolved": "https://registry.npmjs.org/fuse.js/-/fuse.js-6.4.6.tgz",
      "integrity": "sha512-/gYxR/0VpXmWSfZOIPS3rWwU8SHgsRTwWuXhyb2O6s7aRuVtHtxCkR33bNYu3wyLyNx/Wpv0vU7FZy8Vj53VNw=="
    },
    "typescript": {
      "version": "4.2.4",
      "resolved": "https://registry.npmjs.org/typescript/-/typescript-4.2.4.tgz",
      "integrity": "sha512-V+evlYHZnQkaz8TRBuxTA92yZBPotr5H+WhQ7bD3hZUndx5tGOa1fuCgeSjxAzM1RiN5IzvadIXTVefuuwZCRg==",
      "dev": true
    }
  }
}
